// !$*UTF8*$!
{
	archiveVersion = 1;
	classes = {
	};
	objectVersion = 51;
	objects = {

/* Begin PBXBuildFile section */
		471D86DD2442B7070081E05A /* ProfileController.swift in Sources */ = {isa = PBXBuildFile; fileRef = 471D86DC2442B7070081E05A /* ProfileController.swift */; };
		471D86DF2442B8A10081E05A /* ProfileHeader.swift in Sources */ = {isa = PBXBuildFile; fileRef = 471D86DE2442B8A10081E05A /* ProfileHeader.swift */; };
		471D86E12443FFCC0081E05A /* ProfileViewModel.swift in Sources */ = {isa = PBXBuildFile; fileRef = 471D86E02443FFCC0081E05A /* ProfileViewModel.swift */; };
		471D86E32444016F0081E05A /* ProfileCell.swift in Sources */ = {isa = PBXBuildFile; fileRef = 471D86E22444016F0081E05A /* ProfileCell.swift */; };
		471D86E5244408A60081E05A /* ProfileFooter.swift in Sources */ = {isa = PBXBuildFile; fileRef = 471D86E4244408A60081E05A /* ProfileFooter.swift */; };
		4725A2C0242A6A7C0006D70B /* AppDelegate.swift in Sources */ = {isa = PBXBuildFile; fileRef = 4725A2BF242A6A7C0006D70B /* AppDelegate.swift */; };
		4725A2C2242A6A7C0006D70B /* SceneDelegate.swift in Sources */ = {isa = PBXBuildFile; fileRef = 4725A2C1242A6A7C0006D70B /* SceneDelegate.swift */; };
		4725A2C4242A6A7C0006D70B /* ViewController.swift in Sources */ = {isa = PBXBuildFile; fileRef = 4725A2C3242A6A7C0006D70B /* ViewController.swift */; };
		4725A2C7242A6A7C0006D70B /* Main.storyboard in Resources */ = {isa = PBXBuildFile; fileRef = 4725A2C5242A6A7C0006D70B /* Main.storyboard */; };
		4725A2C9242A6A7E0006D70B /* Assets.xcassets in Resources */ = {isa = PBXBuildFile; fileRef = 4725A2C8242A6A7E0006D70B /* Assets.xcassets */; };
		4725A2CC242A6A7E0006D70B /* LaunchScreen.storyboard in Resources */ = {isa = PBXBuildFile; fileRef = 4725A2CA242A6A7E0006D70B /* LaunchScreen.storyboard */; };
		4725A2DA242A6BE80006D70B /* ConversationController.swift in Sources */ = {isa = PBXBuildFile; fileRef = 4725A2D9242A6BE80006D70B /* ConversationController.swift */; };
		4725A2DD242A79880006D70B /* LoginController.swift in Sources */ = {isa = PBXBuildFile; fileRef = 4725A2DC242A79880006D70B /* LoginController.swift */; };
		4725A2DF242A79A00006D70B /* RegisterationController.swift in Sources */ = {isa = PBXBuildFile; fileRef = 4725A2DE242A79A00006D70B /* RegisterationController.swift */; };
		4725A2E1242A7E4C0006D70B /* Extension.swift in Sources */ = {isa = PBXBuildFile; fileRef = 4725A2E0242A7E4C0006D70B /* Extension.swift */; };
		4725A2E3242A8EDC0006D70B /* InputContainerView.swift in Sources */ = {isa = PBXBuildFile; fileRef = 4725A2E2242A8EDC0006D70B /* InputContainerView.swift */; };
		4725A2E5242ABDBC0006D70B /* CustomTextField.swift in Sources */ = {isa = PBXBuildFile; fileRef = 4725A2E4242ABDBC0006D70B /* CustomTextField.swift */; };
		4725A2E7242ADB8F0006D70B /* LoginViewModel.swift in Sources */ = {isa = PBXBuildFile; fileRef = 4725A2E6242ADB8F0006D70B /* LoginViewModel.swift */; };
		473868F4242F326D002B32C5 /* NewMessageController.swift in Sources */ = {isa = PBXBuildFile; fileRef = 473868F3242F326D002B32C5 /* NewMessageController.swift */; };
		473868F6242F394D002B32C5 /* UserCell.swift in Sources */ = {isa = PBXBuildFile; fileRef = 473868F5242F394D002B32C5 /* UserCell.swift */; };
		4738690424318BE1002B32C5 /* User.swift in Sources */ = {isa = PBXBuildFile; fileRef = 4738690324318BE1002B32C5 /* User.swift */; };
		4738690624318C85002B32C5 /* Service.swift in Sources */ = {isa = PBXBuildFile; fileRef = 4738690524318C85002B32C5 /* Service.swift */; };
		473869082434290E002B32C5 /* ChatController .swift in Sources */ = {isa = PBXBuildFile; fileRef = 473869072434290D002B32C5 /* ChatController .swift */; };
		4738690A2434317A002B32C5 /* CustomInputAccessoryView.swift in Sources */ = {isa = PBXBuildFile; fileRef = 473869092434317A002B32C5 /* CustomInputAccessoryView.swift */; };
		4738690C243582E6002B32C5 /* MessageCell.swift in Sources */ = {isa = PBXBuildFile; fileRef = 4738690B243582E6002B32C5 /* MessageCell.swift */; };
		4738690E2435892D002B32C5 /* Message.swift in Sources */ = {isa = PBXBuildFile; fileRef = 4738690D2435892D002B32C5 /* Message.swift */; };
		4738691024358C7A002B32C5 /* MessageViewModel.swift in Sources */ = {isa = PBXBuildFile; fileRef = 4738690F24358C7A002B32C5 /* MessageViewModel.swift */; };
		4738691224393116002B32C5 /* Constants.swift in Sources */ = {isa = PBXBuildFile; fileRef = 4738691124393116002B32C5 /* Constants.swift */; };
		47386914243A9553002B32C5 /* ConversationCell.swift in Sources */ = {isa = PBXBuildFile; fileRef = 47386913243A9553002B32C5 /* ConversationCell.swift */; };
		47386916243A9BA6002B32C5 /* ConversationViewModel.swift in Sources */ = {isa = PBXBuildFile; fileRef = 47386915243A9BA6002B32C5 /* ConversationViewModel.swift */; };
		47654A1F242EF4FB00A66244 /* GoogleService-Info.plist in Resources */ = {isa = PBXBuildFile; fileRef = 47654A1E242EF4FB00A66244 /* GoogleService-Info.plist */; };
		47654A21242F106B00A66244 /* AuthService.swift in Sources */ = {isa = PBXBuildFile; fileRef = 47654A20242F106B00A66244 /* AuthService.swift */; };
		47C8691A242C4E7E002E8F46 /* RegistrationViewModel.swift in Sources */ = {isa = PBXBuildFile; fileRef = 47C86919242C4E7E002E8F46 /* RegistrationViewModel.swift */; };
		5B98024E956E2C2886AF5A69 /* Pods_ChatMe.framework in Frameworks */ = {isa = PBXBuildFile; fileRef = 4379D1EF4AEA3245D511EF41 /* Pods_ChatMe.framework */; };
/* End PBXBuildFile section */

/* Begin PBXFileReference section */
		4379D1EF4AEA3245D511EF41 /* Pods_ChatMe.framework */ = {isa = PBXFileReference; explicitFileType = wrapper.framework; includeInIndex = 0; path = Pods_ChatMe.framework; sourceTree = BUILT_PRODUCTS_DIR; };
		471D86DC2442B7070081E05A /* ProfileController.swift */ = {isa = PBXFileReference; lastKnownFileType = sourcecode.swift; path = ProfileController.swift; sourceTree = "<group>"; };
		471D86DE2442B8A10081E05A /* ProfileHeader.swift */ = {isa = PBXFileReference; lastKnownFileType = sourcecode.swift; path = ProfileHeader.swift; sourceTree = "<group>"; };
		471D86E02443FFCC0081E05A /* ProfileViewModel.swift */ = {isa = PBXFileReference; lastKnownFileType = sourcecode.swift; path = ProfileViewModel.swift; sourceTree = "<group>"; };
		471D86E22444016F0081E05A /* ProfileCell.swift */ = {isa = PBXFileReference; lastKnownFileType = sourcecode.swift; path = ProfileCell.swift; sourceTree = "<group>"; };
		471D86E4244408A60081E05A /* ProfileFooter.swift */ = {isa = PBXFileReference; lastKnownFileType = sourcecode.swift; path = ProfileFooter.swift; sourceTree = "<group>"; };
		4725A2BC242A6A7C0006D70B /* ChatMe.app */ = {isa = PBXFileReference; explicitFileType = wrapper.application; includeInIndex = 0; path = ChatMe.app; sourceTree = BUILT_PRODUCTS_DIR; };
		4725A2BF242A6A7C0006D70B /* AppDelegate.swift */ = {isa = PBXFileReference; lastKnownFileType = sourcecode.swift; path = AppDelegate.swift; sourceTree = "<group>"; };
		4725A2C1242A6A7C0006D70B /* SceneDelegate.swift */ = {isa = PBXFileReference; lastKnownFileType = sourcecode.swift; path = SceneDelegate.swift; sourceTree = "<group>"; };
		4725A2C3242A6A7C0006D70B /* ViewController.swift */ = {isa = PBXFileReference; lastKnownFileType = sourcecode.swift; path = ViewController.swift; sourceTree = "<group>"; };
		4725A2C6242A6A7C0006D70B /* Base */ = {isa = PBXFileReference; lastKnownFileType = file.storyboard; name = Base; path = Base.lproj/Main.storyboard; sourceTree = "<group>"; };
		4725A2C8242A6A7E0006D70B /* Assets.xcassets */ = {isa = PBXFileReference; lastKnownFileType = folder.assetcatalog; path = Assets.xcassets; sourceTree = "<group>"; };
		4725A2CB242A6A7E0006D70B /* Base */ = {isa = PBXFileReference; lastKnownFileType = file.storyboard; name = Base; path = Base.lproj/LaunchScreen.storyboard; sourceTree = "<group>"; };
		4725A2CD242A6A7E0006D70B /* Info.plist */ = {isa = PBXFileReference; lastKnownFileType = text.plist.xml; path = Info.plist; sourceTree = "<group>"; };
		4725A2D9242A6BE80006D70B /* ConversationController.swift */ = {isa = PBXFileReference; lastKnownFileType = sourcecode.swift; path = ConversationController.swift; sourceTree = "<group>"; };
		4725A2DC242A79880006D70B /* LoginController.swift */ = {isa = PBXFileReference; lastKnownFileType = sourcecode.swift; path = LoginController.swift; sourceTree = "<group>"; };
		4725A2DE242A79A00006D70B /* RegisterationController.swift */ = {isa = PBXFileReference; lastKnownFileType = sourcecode.swift; path = RegisterationController.swift; sourceTree = "<group>"; };
		4725A2E0242A7E4C0006D70B /* Extension.swift */ = {isa = PBXFileReference; lastKnownFileType = sourcecode.swift; path = Extension.swift; sourceTree = "<group>"; };
		4725A2E2242A8EDC0006D70B /* InputContainerView.swift */ = {isa = PBXFileReference; lastKnownFileType = sourcecode.swift; path = InputContainerView.swift; sourceTree = "<group>"; };
		4725A2E4242ABDBC0006D70B /* CustomTextField.swift */ = {isa = PBXFileReference; lastKnownFileType = sourcecode.swift; path = CustomTextField.swift; sourceTree = "<group>"; };
		4725A2E6242ADB8F0006D70B /* LoginViewModel.swift */ = {isa = PBXFileReference; lastKnownFileType = sourcecode.swift; path = LoginViewModel.swift; sourceTree = "<group>"; };
		473868F3242F326D002B32C5 /* NewMessageController.swift */ = {isa = PBXFileReference; lastKnownFileType = sourcecode.swift; path = NewMessageController.swift; sourceTree = "<group>"; };
		473868F5242F394D002B32C5 /* UserCell.swift */ = {isa = PBXFileReference; lastKnownFileType = sourcecode.swift; path = UserCell.swift; sourceTree = "<group>"; };
		4738690324318BE1002B32C5 /* User.swift */ = {isa = PBXFileReference; lastKnownFileType = sourcecode.swift; path = User.swift; sourceTree = "<group>"; };
		4738690524318C85002B32C5 /* Service.swift */ = {isa = PBXFileReference; lastKnownFileType = sourcecode.swift; path = Service.swift; sourceTree = "<group>"; };
		473869072434290D002B32C5 /* ChatController .swift */ = {isa = PBXFileReference; lastKnownFileType = sourcecode.swift; path = "ChatController .swift"; sourceTree = "<group>"; };
		473869092434317A002B32C5 /* CustomInputAccessoryView.swift */ = {isa = PBXFileReference; lastKnownFileType = sourcecode.swift; path = CustomInputAccessoryView.swift; sourceTree = "<group>"; };
		4738690B243582E6002B32C5 /* MessageCell.swift */ = {isa = PBXFileReference; lastKnownFileType = sourcecode.swift; path = MessageCell.swift; sourceTree = "<group>"; };
		4738690D2435892D002B32C5 /* Message.swift */ = {isa = PBXFileReference; lastKnownFileType = sourcecode.swift; path = Message.swift; sourceTree = "<group>"; };
		4738690F24358C7A002B32C5 /* MessageViewModel.swift */ = {isa = PBXFileReference; lastKnownFileType = sourcecode.swift; path = MessageViewModel.swift; sourceTree = "<group>"; };
		4738691124393116002B32C5 /* Constants.swift */ = {isa = PBXFileReference; lastKnownFileType = sourcecode.swift; path = Constants.swift; sourceTree = "<group>"; };
		47386913243A9553002B32C5 /* ConversationCell.swift */ = {isa = PBXFileReference; lastKnownFileType = sourcecode.swift; path = ConversationCell.swift; sourceTree = "<group>"; };
		47386915243A9BA6002B32C5 /* ConversationViewModel.swift */ = {isa = PBXFileReference; lastKnownFileType = sourcecode.swift; path = ConversationViewModel.swift; sourceTree = "<group>"; };
		47654A1E242EF4FB00A66244 /* GoogleService-Info.plist */ = {isa = PBXFileReference; fileEncoding = 4; lastKnownFileType = text.plist.xml; path = "GoogleService-Info.plist"; sourceTree = "<group>"; };
		47654A20242F106B00A66244 /* AuthService.swift */ = {isa = PBXFileReference; lastKnownFileType = sourcecode.swift; path = AuthService.swift; sourceTree = "<group>"; };
		47C86919242C4E7E002E8F46 /* RegistrationViewModel.swift */ = {isa = PBXFileReference; lastKnownFileType = sourcecode.swift; path = RegistrationViewModel.swift; sourceTree = "<group>"; };
		5852B3E2BD0C01A5392A67D8 /* Pods-ChatMe.debug.xcconfig */ = {isa = PBXFileReference; includeInIndex = 1; lastKnownFileType = text.xcconfig; name = "Pods-ChatMe.debug.xcconfig"; path = "Target Support Files/Pods-ChatMe/Pods-ChatMe.debug.xcconfig"; sourceTree = "<group>"; };
		A94778AF8464FF5725A07487 /* Pods-ChatMe.release.xcconfig */ = {isa = PBXFileReference; includeInIndex = 1; lastKnownFileType = text.xcconfig; name = "Pods-ChatMe.release.xcconfig"; path = "Target Support Files/Pods-ChatMe/Pods-ChatMe.release.xcconfig"; sourceTree = "<group>"; };
/* End PBXFileReference section */

/* Begin PBXFrameworksBuildPhase section */
		4725A2B9242A6A7C0006D70B /* Frameworks */ = {
			isa = PBXFrameworksBuildPhase;
			buildActionMask = 2147483647;
			files = (
				5B98024E956E2C2886AF5A69 /* Pods_ChatMe.framework in Frameworks */,
			);
			runOnlyForDeploymentPostprocessing = 0;
		};
/* End PBXFrameworksBuildPhase section */

/* Begin PBXGroup section */
		4725A2B3242A6A7C0006D70B = {
			isa = PBXGroup;
			children = (
				4725A2BE242A6A7C0006D70B /* ChatMe */,
				4725A2BD242A6A7C0006D70B /* Products */,
				A8516165450F31B019AFEB09 /* Pods */,
				A14136618683E78F8C1D29AE /* Frameworks */,
			);
			sourceTree = "<group>";
		};
		4725A2BD242A6A7C0006D70B /* Products */ = {
			isa = PBXGroup;
			children = (
				4725A2BC242A6A7C0006D70B /* ChatMe.app */,
			);
			name = Products;
			sourceTree = "<group>";
		};
		4725A2BE242A6A7C0006D70B /* ChatMe */ = {
			isa = PBXGroup;
			children = (
				4725A2D8242A6B2B0006D70B /* Model */,
				4725A2D7242A6B290006D70B /* View */,
				4725A2D6242A6B260006D70B /* ViewModel */,
				4725A2D5242A6B240006D70B /* Controller */,
				4725A2D4242A6B1E0006D70B /* API */,
				4725A2D3242A6B180006D70B /* Utilities */,
				4725A2BF242A6A7C0006D70B /* AppDelegate.swift */,
				4725A2C1242A6A7C0006D70B /* SceneDelegate.swift */,
				4725A2C3242A6A7C0006D70B /* ViewController.swift */,
				4725A2C5242A6A7C0006D70B /* Main.storyboard */,
				4725A2C8242A6A7E0006D70B /* Assets.xcassets */,
				4725A2CA242A6A7E0006D70B /* LaunchScreen.storyboard */,
				47654A1E242EF4FB00A66244 /* GoogleService-Info.plist */,
				4725A2CD242A6A7E0006D70B /* Info.plist */,
			);
			path = ChatMe;
			sourceTree = "<group>";
		};
		4725A2D3242A6B180006D70B /* Utilities */ = {
			isa = PBXGroup;
			children = (
				4725A2E0242A7E4C0006D70B /* Extension.swift */,
				4738691124393116002B32C5 /* Constants.swift */,
			);
			path = Utilities;
			sourceTree = "<group>";
		};
		4725A2D4242A6B1E0006D70B /* API */ = {
			isa = PBXGroup;
			children = (
				47654A20242F106B00A66244 /* AuthService.swift */,
				4738690524318C85002B32C5 /* Service.swift */,
			);
			path = API;
			sourceTree = "<group>";
		};
		4725A2D5242A6B240006D70B /* Controller */ = {
			isa = PBXGroup;
			children = (
				4725A2DB242A795E0006D70B /* Authentication */,
				4725A2D9242A6BE80006D70B /* ConversationController.swift */,
				473868F3242F326D002B32C5 /* NewMessageController.swift */,
				473869072434290D002B32C5 /* ChatController .swift */,
				471D86DC2442B7070081E05A /* ProfileController.swift */,
			);
			path = Controller;
			sourceTree = "<group>";
		};
		4725A2D6242A6B260006D70B /* ViewModel */ = {
			isa = PBXGroup;
			children = (
				47C8691B242C4E98002E8F46 /* Authentication */,
				4738690F24358C7A002B32C5 /* MessageViewModel.swift */,
				47386915243A9BA6002B32C5 /* ConversationViewModel.swift */,
				471D86E02443FFCC0081E05A /* ProfileViewModel.swift */,
			);
			path = ViewModel;
			sourceTree = "<group>";
		};
		4725A2D7242A6B290006D70B /* View */ = {
			isa = PBXGroup;
			children = (
				4725A2E2242A8EDC0006D70B /* InputContainerView.swift */,
				4725A2E4242ABDBC0006D70B /* CustomTextField.swift */,
				473868F5242F394D002B32C5 /* UserCell.swift */,
				473869092434317A002B32C5 /* CustomInputAccessoryView.swift */,
				4738690B243582E6002B32C5 /* MessageCell.swift */,
				47386913243A9553002B32C5 /* ConversationCell.swift */,
				471D86DE2442B8A10081E05A /* ProfileHeader.swift */,
				471D86E22444016F0081E05A /* ProfileCell.swift */,
				471D86E4244408A60081E05A /* ProfileFooter.swift */,
			);
			path = View;
			sourceTree = "<group>";
		};
		4725A2D8242A6B2B0006D70B /* Model */ = {
			isa = PBXGroup;
			children = (
				4738690324318BE1002B32C5 /* User.swift */,
				4738690D2435892D002B32C5 /* Message.swift */,
			);
			path = Model;
			sourceTree = "<group>";
		};
		4725A2DB242A795E0006D70B /* Authentication */ = {
			isa = PBXGroup;
			children = (
				4725A2DC242A79880006D70B /* LoginController.swift */,
				4725A2DE242A79A00006D70B /* RegisterationController.swift */,
			);
			path = Authentication;
			sourceTree = "<group>";
		};
		47C8691B242C4E98002E8F46 /* Authentication */ = {
			isa = PBXGroup;
			children = (
				4725A2E6242ADB8F0006D70B /* LoginViewModel.swift */,
				47C86919242C4E7E002E8F46 /* RegistrationViewModel.swift */,
			);
			path = Authentication;
			sourceTree = "<group>";
		};
		A14136618683E78F8C1D29AE /* Frameworks */ = {
			isa = PBXGroup;
			children = (
				4379D1EF4AEA3245D511EF41 /* Pods_ChatMe.framework */,
			);
			name = Frameworks;
			sourceTree = "<group>";
		};
		A8516165450F31B019AFEB09 /* Pods */ = {
			isa = PBXGroup;
			children = (
				5852B3E2BD0C01A5392A67D8 /* Pods-ChatMe.debug.xcconfig */,
				A94778AF8464FF5725A07487 /* Pods-ChatMe.release.xcconfig */,
			);
			path = Pods;
			sourceTree = "<group>";
		};
/* End PBXGroup section */

/* Begin PBXNativeTarget section */
		4725A2BB242A6A7C0006D70B /* ChatMe */ = {
			isa = PBXNativeTarget;
			buildConfigurationList = 4725A2D0242A6A7E0006D70B /* Build configuration list for PBXNativeTarget "ChatMe" */;
			buildPhases = (
				7902CCA35F53414686471C24 /* [CP] Check Pods Manifest.lock */,
				4725A2B8242A6A7C0006D70B /* Sources */,
				4725A2B9242A6A7C0006D70B /* Frameworks */,
				4725A2BA242A6A7C0006D70B /* Resources */,
				9C33B54D73CB1BFA284113C5 /* [CP] Embed Pods Frameworks */,
			);
			buildRules = (
			);
			dependencies = (
			);
			name = ChatMe;
			productName = ChatMe;
			productReference = 4725A2BC242A6A7C0006D70B /* ChatMe.app */;
			productType = "com.apple.product-type.application";
		};
/* End PBXNativeTarget section */

/* Begin PBXProject section */
		4725A2B4242A6A7C0006D70B /* Project object */ = {
			isa = PBXProject;
			attributes = {
				LastSwiftUpdateCheck = 1130;
				LastUpgradeCheck = 1130;
				ORGANIZATIONNAME = Bronzy;
				TargetAttributes = {
					4725A2BB242A6A7C0006D70B = {
						CreatedOnToolsVersion = 11.3.1;
					};
				};
			};
			buildConfigurationList = 4725A2B7242A6A7C0006D70B /* Build configuration list for PBXProject "ChatMe" */;
			compatibilityVersion = "Xcode 9.3";
			developmentRegion = en;
			hasScannedForEncodings = 0;
			knownRegions = (
				en,
				Base,
			);
			mainGroup = 4725A2B3242A6A7C0006D70B;
			productRefGroup = 4725A2BD242A6A7C0006D70B /* Products */;
			projectDirPath = "";
			projectRoot = "";
			targets = (
				4725A2BB242A6A7C0006D70B /* ChatMe */,
			);
		};
/* End PBXProject section */

/* Begin PBXResourcesBuildPhase section */
		4725A2BA242A6A7C0006D70B /* Resources */ = {
			isa = PBXResourcesBuildPhase;
			buildActionMask = 2147483647;
			files = (
				4725A2CC242A6A7E0006D70B /* LaunchScreen.storyboard in Resources */,
				47654A1F242EF4FB00A66244 /* GoogleService-Info.plist in Resources */,
				4725A2C9242A6A7E0006D70B /* Assets.xcassets in Resources */,
				4725A2C7242A6A7C0006D70B /* Main.storyboard in Resources */,
			);
			runOnlyForDeploymentPostprocessing = 0;
		};
/* End PBXResourcesBuildPhase section */

/* Begin PBXShellScriptBuildPhase section */
		7902CCA35F53414686471C24 /* [CP] Check Pods Manifest.lock */ = {
			isa = PBXShellScriptBuildPhase;
			buildActionMask = 2147483647;
			files = (
			);
			inputFileListPaths = (
			);
			inputPaths = (
				"${PODS_PODFILE_DIR_PATH}/Podfile.lock",
				"${PODS_ROOT}/Manifest.lock",
			);
			name = "[CP] Check Pods Manifest.lock";
			outputFileListPaths = (
			);
			outputPaths = (
				"$(DERIVED_FILE_DIR)/Pods-ChatMe-checkManifestLockResult.txt",
			);
			runOnlyForDeploymentPostprocessing = 0;
			shellPath = /bin/sh;
			shellScript = "diff \"${PODS_PODFILE_DIR_PATH}/Podfile.lock\" \"${PODS_ROOT}/Manifest.lock\" > /dev/null\nif [ $? != 0 ] ; then\n    # print error to STDERR\n    echo \"error: The sandbox is not in sync with the Podfile.lock. Run 'pod install' or update your CocoaPods installation.\" >&2\n    exit 1\nfi\n# This output is used by Xcode 'outputs' to avoid re-running this script phase.\necho \"SUCCESS\" > \"${SCRIPT_OUTPUT_FILE_0}\"\n";
			showEnvVarsInLog = 0;
		};
		9C33B54D73CB1BFA284113C5 /* [CP] Embed Pods Frameworks */ = {
			isa = PBXShellScriptBuildPhase;
			buildActionMask = 2147483647;
			files = (
			);
			inputFileListPaths = (
				"${PODS_ROOT}/Target Support Files/Pods-ChatMe/Pods-ChatMe-frameworks-${CONFIGURATION}-input-files.xcfilelist",
			);
			name = "[CP] Embed Pods Frameworks";
			outputFileListPaths = (
				"${PODS_ROOT}/Target Support Files/Pods-ChatMe/Pods-ChatMe-frameworks-${CONFIGURATION}-output-files.xcfilelist",
			);
			runOnlyForDeploymentPostprocessing = 0;
			shellPath = /bin/sh;
			shellScript = "\"${PODS_ROOT}/Target Support Files/Pods-ChatMe/Pods-ChatMe-frameworks.sh\"\n";
			showEnvVarsInLog = 0;
		};
/* End PBXShellScriptBuildPhase section */

/* Begin PBXSourcesBuildPhase section */
		4725A2B8242A6A7C0006D70B /* Sources */ = {
			isa = PBXSourcesBuildPhase;
			buildActionMask = 2147483647;
			files = (
				471D86DD2442B7070081E05A /* ProfileController.swift in Sources */,
				4725A2C4242A6A7C0006D70B /* ViewController.swift in Sources */,
				4738691224393116002B32C5 /* Constants.swift in Sources */,
				471D86E12443FFCC0081E05A /* ProfileViewModel.swift in Sources */,
				473869082434290E002B32C5 /* ChatController .swift in Sources */,
				47C8691A242C4E7E002E8F46 /* RegistrationViewModel.swift in Sources */,
				4725A2E3242A8EDC0006D70B /* InputContainerView.swift in Sources */,
				4738691024358C7A002B32C5 /* MessageViewModel.swift in Sources */,
				471D86E5244408A60081E05A /* ProfileFooter.swift in Sources */,
				47654A21242F106B00A66244 /* AuthService.swift in Sources */,
				4725A2C0242A6A7C0006D70B /* AppDelegate.swift in Sources */,
				4725A2E1242A7E4C0006D70B /* Extension.swift in Sources */,
				473868F6242F394D002B32C5 /* UserCell.swift in Sources */,
				4725A2DF242A79A00006D70B /* RegisterationController.swift in Sources */,
				471D86E32444016F0081E05A /* ProfileCell.swift in Sources */,
				4738690424318BE1002B32C5 /* User.swift in Sources */,
				4738690C243582E6002B32C5 /* MessageCell.swift in Sources */,
				47386916243A9BA6002B32C5 /* ConversationViewModel.swift in Sources */,
				4738690624318C85002B32C5 /* Service.swift in Sources */,
				4725A2DA242A6BE80006D70B /* ConversationController.swift in Sources */,
				4725A2C2242A6A7C0006D70B /* SceneDelegate.swift in Sources */,
				471D86DF2442B8A10081E05A /* ProfileHeader.swift in Sources */,
				4725A2DD242A79880006D70B /* LoginController.swift in Sources */,
				4725A2E7242ADB8F0006D70B /* LoginViewModel.swift in Sources */,
				4725A2E5242ABDBC0006D70B /* CustomTextField.swift in Sources */,
				47386914243A9553002B32C5 /* ConversationCell.swift in Sources */,
				4738690E2435892D002B32C5 /* Message.swift in Sources */,
				473868F4242F326D002B32C5 /* NewMessageController.swift in Sources */,
				4738690A2434317A002B32C5 /* CustomInputAccessoryView.swift in Sources */,
			);
			runOnlyForDeploymentPostprocessing = 0;
		};
/* End PBXSourcesBuildPhase section */

/* Begin PBXVariantGroup section */
		4725A2C5242A6A7C0006D70B /* Main.storyboard */ = {
			isa = PBXVariantGroup;
			children = (
				4725A2C6242A6A7C0006D70B /* Base */,
			);
			name = Main.storyboard;
			sourceTree = "<group>";
		};
		4725A2CA242A6A7E0006D70B /* LaunchScreen.storyboard */ = {
			isa = PBXVariantGroup;
			children = (
				4725A2CB242A6A7E0006D70B /* Base */,
			);
			name = LaunchScreen.storyboard;
			sourceTree = "<group>";
		};
/* End PBXVariantGroup section */

/* Begin XCBuildConfiguration section */
		4725A2CE242A6A7E0006D70B /* Debug */ = {
			isa = XCBuildConfiguration;
			buildSettings = {
				ALWAYS_SEARCH_USER_PATHS = NO;
				CLANG_ANALYZER_NONNULL = YES;
				CLANG_ANALYZER_NUMBER_OBJECT_CONVERSION = YES_AGGRESSIVE;
				CLANG_CXX_LANGUAGE_STANDARD = "gnu++14";
				CLANG_CXX_LIBRARY = "libc++";
				CLANG_ENABLE_MODULES = YES;
				CLANG_ENABLE_OBJC_ARC = YES;
				CLANG_ENABLE_OBJC_WEAK = YES;
				CLANG_WARN_BLOCK_CAPTURE_AUTORELEASING = YES;
				CLANG_WARN_BOOL_CONVERSION = YES;
				CLANG_WARN_COMMA = YES;
				CLANG_WARN_CONSTANT_CONVERSION = YES;
				CLANG_WARN_DEPRECATED_OBJC_IMPLEMENTATIONS = YES;
				CLANG_WARN_DIRECT_OBJC_ISA_USAGE = YES_ERROR;
				CLANG_WARN_DOCUMENTATION_COMMENTS = YES;
				CLANG_WARN_EMPTY_BODY = YES;
				CLANG_WARN_ENUM_CONVERSION = YES;
				CLANG_WARN_INFINITE_RECURSION = YES;
				CLANG_WARN_INT_CONVERSION = YES;
				CLANG_WARN_NON_LITERAL_NULL_CONVERSION = YES;
				CLANG_WARN_OBJC_IMPLICIT_RETAIN_SELF = YES;
				CLANG_WARN_OBJC_LITERAL_CONVERSION = YES;
				CLANG_WARN_OBJC_ROOT_CLASS = YES_ERROR;
				CLANG_WARN_RANGE_LOOP_ANALYSIS = YES;
				CLANG_WARN_STRICT_PROTOTYPES = YES;
				CLANG_WARN_SUSPICIOUS_MOVE = YES;
				CLANG_WARN_UNGUARDED_AVAILABILITY = YES_AGGRESSIVE;
				CLANG_WARN_UNREACHABLE_CODE = YES;
				CLANG_WARN__DUPLICATE_METHOD_MATCH = YES;
				COPY_PHASE_STRIP = NO;
				DEBUG_INFORMATION_FORMAT = dwarf;
				ENABLE_STRICT_OBJC_MSGSEND = YES;
				ENABLE_TESTABILITY = YES;
				GCC_C_LANGUAGE_STANDARD = gnu11;
				GCC_DYNAMIC_NO_PIC = NO;
				GCC_NO_COMMON_BLOCKS = YES;
				GCC_OPTIMIZATION_LEVEL = 0;
				GCC_PREPROCESSOR_DEFINITIONS = (
					"DEBUG=1",
					"$(inherited)",
				);
				GCC_WARN_64_TO_32_BIT_CONVERSION = YES;
				GCC_WARN_ABOUT_RETURN_TYPE = YES_ERROR;
				GCC_WARN_UNDECLARED_SELECTOR = YES;
				GCC_WARN_UNINITIALIZED_AUTOS = YES_AGGRESSIVE;
				GCC_WARN_UNUSED_FUNCTION = YES;
				GCC_WARN_UNUSED_VARIABLE = YES;
				IPHONEOS_DEPLOYMENT_TARGET = 13.2;
				MTL_ENABLE_DEBUG_INFO = INCLUDE_SOURCE;
				MTL_FAST_MATH = YES;
				ONLY_ACTIVE_ARCH = YES;
				SDKROOT = iphoneos;
				SWIFT_ACTIVE_COMPILATION_CONDITIONS = DEBUG;
				SWIFT_OPTIMIZATION_LEVEL = "-Onone";
			};
			name = Debug;
		};
		4725A2CF242A6A7E0006D70B /* Release */ = {
			isa = XCBuildConfiguration;
			buildSettings = {
				ALWAYS_SEARCH_USER_PATHS = NO;
				CLANG_ANALYZER_NONNULL = YES;
				CLANG_ANALYZER_NUMBER_OBJECT_CONVERSION = YES_AGGRESSIVE;
				CLANG_CXX_LANGUAGE_STANDARD = "gnu++14";
				CLANG_CXX_LIBRARY = "libc++";
				CLANG_ENABLE_MODULES = YES;
				CLANG_ENABLE_OBJC_ARC = YES;
				CLANG_ENABLE_OBJC_WEAK = YES;
				CLANG_WARN_BLOCK_CAPTURE_AUTORELEASING = YES;
				CLANG_WARN_BOOL_CONVERSION = YES;
				CLANG_WARN_COMMA = YES;
				CLANG_WARN_CONSTANT_CONVERSION = YES;
				CLANG_WARN_DEPRECATED_OBJC_IMPLEMENTATIONS = YES;
				CLANG_WARN_DIRECT_OBJC_ISA_USAGE = YES_ERROR;
				CLANG_WARN_DOCUMENTATION_COMMENTS = YES;
				CLANG_WARN_EMPTY_BODY = YES;
				CLANG_WARN_ENUM_CONVERSION = YES;
				CLANG_WARN_INFINITE_RECURSION = YES;
				CLANG_WARN_INT_CONVERSION = YES;
				CLANG_WARN_NON_LITERAL_NULL_CONVERSION = YES;
				CLANG_WARN_OBJC_IMPLICIT_RETAIN_SELF = YES;
				CLANG_WARN_OBJC_LITERAL_CONVERSION = YES;
				CLANG_WARN_OBJC_ROOT_CLASS = YES_ERROR;
				CLANG_WARN_RANGE_LOOP_ANALYSIS = YES;
				CLANG_WARN_STRICT_PROTOTYPES = YES;
				CLANG_WARN_SUSPICIOUS_MOVE = YES;
				CLANG_WARN_UNGUARDED_AVAILABILITY = YES_AGGRESSIVE;
				CLANG_WARN_UNREACHABLE_CODE = YES;
				CLANG_WARN__DUPLICATE_METHOD_MATCH = YES;
				COPY_PHASE_STRIP = NO;
				DEBUG_INFORMATION_FORMAT = "dwarf-with-dsym";
				ENABLE_NS_ASSERTIONS = NO;
				ENABLE_STRICT_OBJC_MSGSEND = YES;
				GCC_C_LANGUAGE_STANDARD = gnu11;
				GCC_NO_COMMON_BLOCKS = YES;
				GCC_WARN_64_TO_32_BIT_CONVERSION = YES;
				GCC_WARN_ABOUT_RETURN_TYPE = YES_ERROR;
				GCC_WARN_UNDECLARED_SELECTOR = YES;
				GCC_WARN_UNINITIALIZED_AUTOS = YES_AGGRESSIVE;
				GCC_WARN_UNUSED_FUNCTION = YES;
				GCC_WARN_UNUSED_VARIABLE = YES;
				IPHONEOS_DEPLOYMENT_TARGET = 13.2;
				MTL_ENABLE_DEBUG_INFO = NO;
				MTL_FAST_MATH = YES;
				SDKROOT = iphoneos;
				SWIFT_COMPILATION_MODE = wholemodule;
				SWIFT_OPTIMIZATION_LEVEL = "-O";
				VALIDATE_PRODUCT = YES;
			};
			name = Release;
		};
		4725A2D1242A6A7E0006D70B /* Debug */ = {
			isa = XCBuildConfiguration;
			baseConfigurationReference = 5852B3E2BD0C01A5392A67D8 /* Pods-ChatMe.debug.xcconfig */;
			buildSettings = {
				ASSETCATALOG_COMPILER_APPICON_NAME = AppIcon;
				CODE_SIGN_STYLE = Automatic;
				DEVELOPMENT_TEAM = 77M4HH73F6;
				INFOPLIST_FILE = ChatMe/Info.plist;
				LD_RUNPATH_SEARCH_PATHS = (
					"$(inherited)",
					"@executable_path/Frameworks",
				);
				PRODUCT_BUNDLE_IDENTIFIER = com.bronzy.ChatMe;
				PRODUCT_NAME = "$(TARGET_NAME)";
				SWIFT_VERSION = 5.0;
				TARGETED_DEVICE_FAMILY = "1,2";
			};
			name = Debug;
		};
		4725A2D2242A6A7E0006D70B /* Release */ = {
			isa = XCBuildConfiguration;
			baseConfigurationReference = A94778AF8464FF5725A07487 /* Pods-ChatMe.release.xcconfig */;
			buildSettings = {
				ASSETCATALOG_COMPILER_APPICON_NAME = AppIcon;
				CODE_SIGN_STYLE = Automatic;
				DEVELOPMENT_TEAM = 77M4HH73F6;
				INFOPLIST_FILE = ChatMe/Info.plist;
				LD_RUNPATH_SEARCH_PATHS = (
					"$(inherited)",
					"@executable_path/Frameworks",
				);
				PRODUCT_BUNDLE_IDENTIFIER = com.bronzy.ChatMe;
				PRODUCT_NAME = "$(TARGET_NAME)";
				SWIFT_VERSION = 5.0;
				TARGETED_DEVICE_FAMILY = "1,2";
			};
			name = Release;
		};
/* End XCBuildConfiguration section */

/* Begin XCConfigurationList section */
		4725A2B7242A6A7C0006D70B /* Build configuration list for PBXProject "ChatMe" */ = {
			isa = XCConfigurationList;
			buildConfigurations = (
				4725A2CE242A6A7E0006D70B /* Debug */,
				4725A2CF242A6A7E0006D70B /* Release */,
			);
			defaultConfigurationIsVisible = 0;
			defaultConfigurationName = Release;
		};
		4725A2D0242A6A7E0006D70B /* Build configuration list for PBXNativeTarget "ChatMe" */ = {
			isa = XCConfigurationList;
			buildConfigurations = (
				4725A2D1242A6A7E0006D70B /* Debug */,
				4725A2D2242A6A7E0006D70B /* Release */,
			);
			defaultConfigurationIsVisible = 0;
			defaultConfigurationName = Release;
		};
/* End XCConfigurationList section */
	};
	rootObject = 4725A2B4242A6A7C0006D70B /* Project object */;
}
